{
  "name": "korean-flashcard-scripts",
  "version": "1.0.0",
  "lockfileVersion": 3,
  "requires": true,
  "packages": {
    "": {
      "name": "korean-flashcard-scripts",
      "version": "1.0.0",
      "dependencies": {
        "koroman": "^1.0.16"
      }
    },
    "node_modules/koroman": {
      "version": "1.0.16",
      "resolved": "https://registry.npmjs.org/koroman/-/koroman-1.0.16.tgz",
      "integrity": "sha512-jW7SZ+BCOupGposHY1JXZ8bh6fFNkKYO/7w2aKx76Zav2jAopGtXQw99luIe94BvRViU9DxIPGY1Efwt0N0p8g==",
      "license": "MIT"
    }
  }
}
